
Microsoft Visual Studio Solution File, Format Version 12.00
# Visual Studio Version 16
VisualStudioVersion = 16.0.30803.129
MinimumVisualStudioVersion = 10.0.40219.1
Project("{8BC9CEB8-8B4A-11D0-8D11-00A0C91BC942}") = "libc", "libc\libc.vcxproj", "{895553DD-839F-408D-A2DB-BB2E93D13D4C}"
EndProject
Global
	GlobalSection(SolutionConfigurationPlatforms) = preSolution
		Debug|ORBIS = Debug|ORBIS
		Release|ORBIS = Release|ORBIS
	EndGlobalSection
	GlobalSection(ProjectConfigurationPlatforms) = postSolution
		{895553DD-839F-408D-A2DB-BB2E93D13D4C}.Debug|ORBIS.ActiveCfg = Debug|ORBIS
		{895553DD-839F-408D-A2DB-BB2E93D13D4C}.Debug|ORBIS.Build.0 = Debug|ORBIS
		{895553DD-839F-408D-A2DB-BB2E93D13D4C}.Release|ORBIS.ActiveCfg = Release|ORBIS
		{895553DD-839F-408D-A2DB-BB2E93D13D4C}.Release|ORBIS.Build.0 = Release|ORBIS
	EndGlobalSection
	GlobalSection(SolutionProperties) = preSolution
		HideSolutionNode = FALSE
	EndGlobalSection
	GlobalSection(ExtensibilityGlobals) = postSolution
		SolutionGuid = {8C3E22C7-3081-4A2C-B7BA-486D7D05017A}
	EndGlobalSection
EndGlobal
